// !$*UTF8*$!
{
	archiveVersion = 1;
	classes = {
	};
	objectVersion = 50;
	objects = {

/* Begin PBXBuildFile section */
		A3F41D6C2409C0CA00E077CE /* AppDelegate.swift in Sources */ = {isa = PBXBuildFile; fileRef = A3F41D6B2409C0CA00E077CE /* AppDelegate.swift */; };
		A3F41D6E2409C0CA00E077CE /* SceneDelegate.swift in Sources */ = {isa = PBXBuildFile; fileRef = A3F41D6D2409C0CA00E077CE /* SceneDelegate.swift */; };
		A3F41D702409C0CA00E077CE /* ViewController.swift in Sources */ = {isa = PBXBuildFile; fileRef = A3F41D6F2409C0CA00E077CE /* ViewController.swift */; };
		A3F41D732409C0CA00E077CE /* Main.storyboard in Resources */ = {isa = PBXBuildFile; fileRef = A3F41D712409C0CA00E077CE /* Main.storyboard */; };
		A3F41D752409C0CB00E077CE /* Assets.xcassets in Resources */ = {isa = PBXBuildFile; fileRef = A3F41D742409C0CB00E077CE /* Assets.xcassets */; };
		A3F41D782409C0CB00E077CE /* LaunchScreen.storyboard in Resources */ = {isa = PBXBuildFile; fileRef = A3F41D762409C0CB00E077CE /* LaunchScreen.storyboard */; };
		A3F41D802409C2E700E077CE /* HolidaysTableViewController.swift in Sources */ = {isa = PBXBuildFile; fileRef = A3F41D7F2409C2E700E077CE /* HolidaysTableViewController.swift */; };
		A3F41D842409C48200E077CE /* holidays.swift in Sources */ = {isa = PBXBuildFile; fileRef = A3F41D832409C48200E077CE /* holidays.swift */; };
		A3F41D862409C59E00E077CE /* HolidayRequest.swift in Sources */ = {isa = PBXBuildFile; fileRef = A3F41D852409C59E00E077CE /* HolidayRequest.swift */; };
		A3F41D882409CEA700E077CE /* details.swift in Sources */ = {isa = PBXBuildFile; fileRef = A3F41D872409CEA700E077CE /* details.swift */; };
		A3F41D8A2409CF2700E077CE /* CustomCell.swift in Sources */ = {isa = PBXBuildFile; fileRef = A3F41D892409CF2700E077CE /* CustomCell.swift */; };
		A3F41D8C2409D38E00E077CE /* holidaypic.jpg in Resources */ = {isa = PBXBuildFile; fileRef = A3F41D8B2409D38E00E077CE /* holidaypic.jpg */; };
		A3F41D8E2409D53000E077CE /* nationalholidays.jpg in Resources */ = {isa = PBXBuildFile; fileRef = A3F41D8D2409D53000E077CE /* nationalholidays.jpg */; };
/* End PBXBuildFile section */

/* Begin PBXFileReference section */
		A3F41D682409C0CA00E077CE /* hw3.app */ = {isa = PBXFileReference; explicitFileType = wrapper.application; includeInIndex = 0; path = hw3.app; sourceTree = BUILT_PRODUCTS_DIR; };
		A3F41D6B2409C0CA00E077CE /* AppDelegate.swift */ = {isa = PBXFileReference; lastKnownFileType = sourcecode.swift; path = AppDelegate.swift; sourceTree = "<group>"; };
		A3F41D6D2409C0CA00E077CE /* SceneDelegate.swift */ = {isa = PBXFileReference; lastKnownFileType = sourcecode.swift; path = SceneDelegate.swift; sourceTree = "<group>"; };
		A3F41D6F2409C0CA00E077CE /* ViewController.swift */ = {isa = PBXFileReference; lastKnownFileType = sourcecode.swift; path = ViewController.swift; sourceTree = "<group>"; };
		A3F41D722409C0CA00E077CE /* Base */ = {isa = PBXFileReference; lastKnownFileType = file.storyboard; name = Base; path = Base.lproj/Main.storyboard; sourceTree = "<group>"; };
		A3F41D742409C0CB00E077CE /* Assets.xcassets */ = {isa = PBXFileReference; lastKnownFileType = folder.assetcatalog; path = Assets.xcassets; sourceTree = "<group>"; };
		A3F41D772409C0CB00E077CE /* Base */ = {isa = PBXFileReference; lastKnownFileType = file.storyboard; name = Base; path = Base.lproj/LaunchScreen.storyboard; sourceTree = "<group>"; };
		A3F41D792409C0CB00E077CE /* Info.plist */ = {isa = PBXFileReference; lastKnownFileType = text.plist.xml; path = Info.plist; sourceTree = "<group>"; };
		A3F41D7F2409C2E700E077CE /* HolidaysTableViewController.swift */ = {isa = PBXFileReference; lastKnownFileType = sourcecode.swift; path = HolidaysTableViewController.swift; sourceTree = "<group>"; };
		A3F41D832409C48200E077CE /* holidays.swift */ = {isa = PBXFileReference; lastKnownFileType = sourcecode.swift; path = holidays.swift; sourceTree = "<group>"; };
		A3F41D852409C59E00E077CE /* HolidayRequest.swift */ = {isa = PBXFileReference; lastKnownFileType = sourcecode.swift; path = HolidayRequest.swift; sourceTree = "<group>"; };
		A3F41D872409CEA700E077CE /* details.swift */ = {isa = PBXFileReference; lastKnownFileType = sourcecode.swift; path = details.swift; sourceTree = "<group>"; };
		A3F41D892409CF2700E077CE /* CustomCell.swift */ = {isa = PBXFileReference; lastKnownFileType = sourcecode.swift; path = CustomCell.swift; sourceTree = "<group>"; };
		A3F41D8B2409D38E00E077CE /* holidaypic.jpg */ = {isa = PBXFileReference; lastKnownFileType = image.jpeg; name = holidaypic.jpg; path = ../../../../holidaypic.jpg; sourceTree = "<group>"; };
		A3F41D8D2409D53000E077CE /* nationalholidays.jpg */ = {isa = PBXFileReference; lastKnownFileType = image.jpeg; name = nationalholidays.jpg; path = ../../../../nationalholidays.jpg; sourceTree = "<group>"; };
/* End PBXFileReference section */

/* Begin PBXFrameworksBuildPhase section */
		A3F41D652409C0CA00E077CE /* Frameworks */ = {
			isa = PBXFrameworksBuildPhase;
			buildActionMask = 2147483647;
			files = (
			);
			runOnlyForDeploymentPostprocessing = 0;
		};
/* End PBXFrameworksBuildPhase section */

/* Begin PBXGroup section */
		A3F41D5F2409C0CA00E077CE = {
			isa = PBXGroup;
			children = (
				A3F41D6A2409C0CA00E077CE /* hw3 */,
				A3F41D692409C0CA00E077CE /* Products */,
			);
			sourceTree = "<group>";
		};
		A3F41D692409C0CA00E077CE /* Products */ = {
			isa = PBXGroup;
			children = (
				A3F41D682409C0CA00E077CE /* hw3.app */,
			);
			name = Products;
			sourceTree = "<group>";
		};
		A3F41D6A2409C0CA00E077CE /* hw3 */ = {
			isa = PBXGroup;
			children = (
				A3F41D8D2409D53000E077CE /* nationalholidays.jpg */,
				A3F41D8B2409D38E00E077CE /* holidaypic.jpg */,
				A3F41D6B2409C0CA00E077CE /* AppDelegate.swift */,
				A3F41D6D2409C0CA00E077CE /* SceneDelegate.swift */,
				A3F41D6F2409C0CA00E077CE /* ViewController.swift */,
				A3F41D712409C0CA00E077CE /* Main.storyboard */,
				A3F41D7F2409C2E700E077CE /* HolidaysTableViewController.swift */,
				A3F41D892409CF2700E077CE /* CustomCell.swift */,
				A3F41D872409CEA700E077CE /* details.swift */,
				A3F41D832409C48200E077CE /* holidays.swift */,
				A3F41D852409C59E00E077CE /* HolidayRequest.swift */,
				A3F41D742409C0CB00E077CE /* Assets.xcassets */,
				A3F41D762409C0CB00E077CE /* LaunchScreen.storyboard */,
				A3F41D792409C0CB00E077CE /* Info.plist */,
			);
			path = hw3;
			sourceTree = "<group>";
		};
/* End PBXGroup section */

/* Begin PBXNativeTarget section */
		A3F41D672409C0CA00E077CE /* hw3 */ = {
			isa = PBXNativeTarget;
			buildConfigurationList = A3F41D7C2409C0CB00E077CE /* Build configuration list for PBXNativeTarget "hw3" */;
			buildPhases = (
				A3F41D642409C0CA00E077CE /* Sources */,
				A3F41D652409C0CA00E077CE /* Frameworks */,
				A3F41D662409C0CA00E077CE /* Resources */,
			);
			buildRules = (
			);
			dependencies = (
			);
			name = hw3;
			productName = hw3;
			productReference = A3F41D682409C0CA00E077CE /* hw3.app */;
			productType = "com.apple.product-type.application";
		};
/* End PBXNativeTarget section */

/* Begin PBXProject section */
		A3F41D602409C0CA00E077CE /* Project object */ = {
			isa = PBXProject;
			attributes = {
				LastSwiftUpdateCheck = 1130;
				LastUpgradeCheck = 1130;
				ORGANIZATIONNAME = himanshu;
				TargetAttributes = {
					A3F41D672409C0CA00E077CE = {
						CreatedOnToolsVersion = 11.3.1;
					};
				};
			};
			buildConfigurationList = A3F41D632409C0CA00E077CE /* Build configuration list for PBXProject "hw3" */;
			compatibilityVersion = "Xcode 9.3";
			developmentRegion = en;
			hasScannedForEncodings = 0;
			knownRegions = (
				en,
				Base,
			);
			mainGroup = A3F41D5F2409C0CA00E077CE;
			productRefGroup = A3F41D692409C0CA00E077CE /* Products */;
			projectDirPath = "";
			projectRoot = "";
			targets = (
				A3F41D672409C0CA00E077CE /* hw3 */,
			);
		};
/* End PBXProject section */

/* Begin PBXResourcesBuildPhase section */
		A3F41D662409C0CA00E077CE /* Resources */ = {
			isa = PBXResourcesBuildPhase;
			buildActionMask = 2147483647;
			files = (
				A3F41D782409C0CB00E077CE /* LaunchScreen.storyboard in Resources */,
				A3F41D752409C0CB00E077CE /* Assets.xcassets in Resources */,
				A3F41D732409C0CA00E077CE /* Main.storyboard in Resources */,
				A3F41D8E2409D53000E077CE /* nationalholidays.jpg in Resources */,
				A3F41D8C2409D38E00E077CE /* holidaypic.jpg in Resources */,
			);
			runOnlyForDeploymentPostprocessing = 0;
		};
/* End PBXResourcesBuildPhase section */

/* Begin PBXSourcesBuildPhase section */
		A3F41D642409C0CA00E077CE /* Sources */ = {
			isa = PBXSourcesBuildPhase;
			buildActionMask = 2147483647;
			files = (
				A3F41D882409CEA700E077CE /* details.swift in Sources */,
				A3F41D862409C59E00E077CE /* HolidayRequest.swift in Sources */,
				A3F41D802409C2E700E077CE /* HolidaysTableViewController.swift in Sources */,
				A3F41D842409C48200E077CE /* holidays.swift in Sources */,
				A3F41D702409C0CA00E077CE /* ViewController.swift in Sources */,
				A3F41D6C2409C0CA00E077CE /* AppDelegate.swift in Sources */,
				A3F41D8A2409CF2700E077CE /* CustomCell.swift in Sources */,
				A3F41D6E2409C0CA00E077CE /* SceneDelegate.swift in Sources */,
			);
			runOnlyForDeploymentPostprocessing = 0;
		};
/* End PBXSourcesBuildPhase section */

/* Begin PBXVariantGroup section */
		A3F41D712409C0CA00E077CE /* Main.storyboard */ = {
			isa = PBXVariantGroup;
			children = (
				A3F41D722409C0CA00E077CE /* Base */,
			);
			name = Main.storyboard;
			sourceTree = "<group>";
		};
		A3F41D762409C0CB00E077CE /* LaunchScreen.storyboard */ = {
			isa = PBXVariantGroup;
			children = (
				A3F41D772409C0CB00E077CE /* Base */,
			);
			name = LaunchScreen.storyboard;
			sourceTree = "<group>";
		};
/* End PBXVariantGroup section */

/* Begin XCBuildConfiguration section */
		A3F41D7A2409C0CB00E077CE /* Debug */ = {
			isa = XCBuildConfiguration;
			buildSettings = {
				ALWAYS_SEARCH_USER_PATHS = NO;
				CLANG_ANALYZER_NONNULL = YES;
				CLANG_ANALYZER_NUMBER_OBJECT_CONVERSION = YES_AGGRESSIVE;
				CLANG_CXX_LANGUAGE_STANDARD = "gnu++14";
				CLANG_CXX_LIBRARY = "libc++";
				CLANG_ENABLE_MODULES = YES;
				CLANG_ENABLE_OBJC_ARC = YES;
				CLANG_ENABLE_OBJC_WEAK = YES;
				CLANG_WARN_BLOCK_CAPTURE_AUTORELEASING = YES;
				CLANG_WARN_BOOL_CONVERSION = YES;
				CLANG_WARN_COMMA = YES;
				CLANG_WARN_CONSTANT_CONVERSION = YES;
				CLANG_WARN_DEPRECATED_OBJC_IMPLEMENTATIONS = YES;
				CLANG_WARN_DIRECT_OBJC_ISA_USAGE = YES_ERROR;
				CLANG_WARN_DOCUMENTATION_COMMENTS = YES;
				CLANG_WARN_EMPTY_BODY = YES;
				CLANG_WARN_ENUM_CONVERSION = YES;
				CLANG_WARN_INFINITE_RECURSION = YES;
				CLANG_WARN_INT_CONVERSION = YES;
				CLANG_WARN_NON_LITERAL_NULL_CONVERSION = YES;
				CLANG_WARN_OBJC_IMPLICIT_RETAIN_SELF = YES;
				CLANG_WARN_OBJC_LITERAL_CONVERSION = YES;
				CLANG_WARN_OBJC_ROOT_CLASS = YES_ERROR;
				CLANG_WARN_RANGE_LOOP_ANALYSIS = YES;
				CLANG_WARN_STRICT_PROTOTYPES = YES;
				CLANG_WARN_SUSPICIOUS_MOVE = YES;
				CLANG_WARN_UNGUARDED_AVAILABILITY = YES_AGGRESSIVE;
				CLANG_WARN_UNREACHABLE_CODE = YES;
				CLANG_WARN__DUPLICATE_METHOD_MATCH = YES;
				COPY_PHASE_STRIP = NO;
				DEBUG_INFORMATION_FORMAT = dwarf;
				ENABLE_STRICT_OBJC_MSGSEND = YES;
				ENABLE_TESTABILITY = YES;
				GCC_C_LANGUAGE_STANDARD = gnu11;
				GCC_DYNAMIC_NO_PIC = NO;
				GCC_NO_COMMON_BLOCKS = YES;
				GCC_OPTIMIZATION_LEVEL = 0;
				GCC_PREPROCESSOR_DEFINITIONS = (
					"DEBUG=1",
					"$(inherited)",
				);
				GCC_WARN_64_TO_32_BIT_CONVERSION = YES;
				GCC_WARN_ABOUT_RETURN_TYPE = YES_ERROR;
				GCC_WARN_UNDECLARED_SELECTOR = YES;
				GCC_WARN_UNINITIALIZED_AUTOS = YES_AGGRESSIVE;
				GCC_WARN_UNUSED_FUNCTION = YES;
				GCC_WARN_UNUSED_VARIABLE = YES;
				IPHONEOS_DEPLOYMENT_TARGET = 13.2;
				MTL_ENABLE_DEBUG_INFO = INCLUDE_SOURCE;
				MTL_FAST_MATH = YES;
				ONLY_ACTIVE_ARCH = YES;
				SDKROOT = iphoneos;
				SWIFT_ACTIVE_COMPILATION_CONDITIONS = DEBUG;
				SWIFT_OPTIMIZATION_LEVEL = "-Onone";
			};
			name = Debug;
		};
		A3F41D7B2409C0CB00E077CE /* Release */ = {
			isa = XCBuildConfiguration;
			buildSettings = {
				ALWAYS_SEARCH_USER_PATHS = NO;
				CLANG_ANALYZER_NONNULL = YES;
				CLANG_ANALYZER_NUMBER_OBJECT_CONVERSION = YES_AGGRESSIVE;
				CLANG_CXX_LANGUAGE_STANDARD = "gnu++14";
				CLANG_CXX_LIBRARY = "libc++";
				CLANG_ENABLE_MODULES = YES;
				CLANG_ENABLE_OBJC_ARC = YES;
				CLANG_ENABLE_OBJC_WEAK = YES;
				CLANG_WARN_BLOCK_CAPTURE_AUTORELEASING = YES;
				CLANG_WARN_BOOL_CONVERSION = YES;
				CLANG_WARN_COMMA = YES;
				CLANG_WARN_CONSTANT_CONVERSION = YES;
				CLANG_WARN_DEPRECATED_OBJC_IMPLEMENTATIONS = YES;
				CLANG_WARN_DIRECT_OBJC_ISA_USAGE = YES_ERROR;
				CLANG_WARN_DOCUMENTATION_COMMENTS = YES;
				CLANG_WARN_EMPTY_BODY = YES;
				CLANG_WARN_ENUM_CONVERSION = YES;
				CLANG_WARN_INFINITE_RECURSION = YES;
				CLANG_WARN_INT_CONVERSION = YES;
				CLANG_WARN_NON_LITERAL_NULL_CONVERSION = YES;
				CLANG_WARN_OBJC_IMPLICIT_RETAIN_SELF = YES;
				CLANG_WARN_OBJC_LITERAL_CONVERSION = YES;
				CLANG_WARN_OBJC_ROOT_CLASS = YES_ERROR;
				CLANG_WARN_RANGE_LOOP_ANALYSIS = YES;
				CLANG_WARN_STRICT_PROTOTYPES = YES;
				CLANG_WARN_SUSPICIOUS_MOVE = YES;
				CLANG_WARN_UNGUARDED_AVAILABILITY = YES_AGGRESSIVE;
				CLANG_WARN_UNREACHABLE_CODE = YES;
				CLANG_WARN__DUPLICATE_METHOD_MATCH = YES;
				COPY_PHASE_STRIP = NO;
				DEBUG_INFORMATION_FORMAT = "dwarf-with-dsym";
				ENABLE_NS_ASSERTIONS = NO;
				ENABLE_STRICT_OBJC_MSGSEND = YES;
				GCC_C_LANGUAGE_STANDARD = gnu11;
				GCC_NO_COMMON_BLOCKS = YES;
				GCC_WARN_64_TO_32_BIT_CONVERSION = YES;
				GCC_WARN_ABOUT_RETURN_TYPE = YES_ERROR;
				GCC_WARN_UNDECLARED_SELECTOR = YES;
				GCC_WARN_UNINITIALIZED_AUTOS = YES_AGGRESSIVE;
				GCC_WARN_UNUSED_FUNCTION = YES;
				GCC_WARN_UNUSED_VARIABLE = YES;
				IPHONEOS_DEPLOYMENT_TARGET = 13.2;
				MTL_ENABLE_DEBUG_INFO = NO;
				MTL_FAST_MATH = YES;
				SDKROOT = iphoneos;
				SWIFT_COMPILATION_MODE = wholemodule;
				SWIFT_OPTIMIZATION_LEVEL = "-O";
				VALIDATE_PRODUCT = YES;
			};
			name = Release;
		};
		A3F41D7D2409C0CB00E077CE /* Debug */ = {
			isa = XCBuildConfiguration;
			buildSettings = {
				ASSETCATALOG_COMPILER_APPICON_NAME = AppIcon;
				CODE_SIGN_STYLE = Automatic;
				INFOPLIST_FILE = hw3/Info.plist;
				LD_RUNPATH_SEARCH_PATHS = (
					"$(inherited)",
					"@executable_path/Frameworks",
				);
				PRODUCT_BUNDLE_IDENTIFIER = com.himanshu.hw3;
				PRODUCT_NAME = "$(TARGET_NAME)";
				SWIFT_VERSION = 5.0;
				TARGETED_DEVICE_FAMILY = "1,2";
			};
			name = Debug;
		};
		A3F41D7E2409C0CB00E077CE /* Release */ = {
			isa = XCBuildConfiguration;
			buildSettings = {
				ASSETCATALOG_COMPILER_APPICON_NAME = AppIcon;
				CODE_SIGN_STYLE = Automatic;
				INFOPLIST_FILE = hw3/Info.plist;
				LD_RUNPATH_SEARCH_PATHS = (
					"$(inherited)",
					"@executable_path/Frameworks",
				);
				PRODUCT_BUNDLE_IDENTIFIER = com.himanshu.hw3;
				PRODUCT_NAME = "$(TARGET_NAME)";
				SWIFT_VERSION = 5.0;
				TARGETED_DEVICE_FAMILY = "1,2";
			};
			name = Release;
		};
/* End XCBuildConfiguration section */

/* Begin XCConfigurationList section */
		A3F41D632409C0CA00E077CE /* Build configuration list for PBXProject "hw3" */ = {
			isa = XCConfigurationList;
			buildConfigurations = (
				A3F41D7A2409C0CB00E077CE /* Debug */,
				A3F41D7B2409C0CB00E077CE /* Release */,
			);
			defaultConfigurationIsVisible = 0;
			defaultConfigurationName = Release;
		};
		A3F41D7C2409C0CB00E077CE /* Build configuration list for PBXNativeTarget "hw3" */ = {
			isa = XCConfigurationList;
			buildConfigurations = (
				A3F41D7D2409C0CB00E077CE /* Debug */,
				A3F41D7E2409C0CB00E077CE /* Release */,
			);
			defaultConfigurationIsVisible = 0;
			defaultConfigurationName = Release;
		};
/* End XCConfigurationList section */
	};
	rootObject = A3F41D602409C0CA00E077CE /* Project object */;
}
